
Microsoft Visual Studio Solution File, Format Version 12.00
# Visual Studio Version 17
VisualStudioVersion = 17.8.34330.188
MinimumVisualStudioVersion = 10.0.40219.1
Project("{9A19103F-16F7-4668-BE54-9A1E7A4F7556}") = "Chirper", "Chirper.csproj", "{7A435513-F5D3-4578-B43F-61B55995AB42}"
EndProject
Global
	GlobalSection(SolutionConfigurationPlatforms) = preSolution
		Debug|Any CPU = Debug|Any CPU
		Debug|x64 = Debug|x64
		Release|Any CPU = Release|Any CPU
		Release|x64 = Release|x64
	EndGlobalSection
	GlobalSection(ProjectConfigurationPlatforms) = postSolution
		{7A435513-F5D3-4578-B43F-61B55995AB42}.Debug|Any CPU.ActiveCfg = Debug|Any CPU
		{7A435513-F5D3-4578-B43F-61B55995AB42}.Debug|Any CPU.Build.0 = Debug|Any CPU
		{7A435513-F5D3-4578-B43F-61B55995AB42}.Debug|x64.ActiveCfg = Debug|Any CPU
		{7A435513-F5D3-4578-B43F-61B55995AB42}.Debug|x64.Build.0 = Debug|Any CPU
		{7A435513-F5D3-4578-B43F-61B55995AB42}.Release|Any CPU.ActiveCfg = Release|Any CPU
		{7A435513-F5D3-4578-B43F-61B55995AB42}.Release|Any CPU.Build.0 = Release|Any CPU
		{7A435513-F5D3-4578-B43F-61B55995AB42}.Release|x64.ActiveCfg = Release|Any CPU
		{7A435513-F5D3-4578-B43F-61B55995AB42}.Release|x64.Build.0 = Release|Any CPU
	EndGlobalSection
	GlobalSection(SolutionProperties) = preSolution
		HideSolutionNode = FALSE
	EndGlobalSection
	GlobalSection(ExtensibilityGlobals) = postSolution
		SolutionGuid = {21CD68DB-565B-44C2-8BC1-57ADF0192EF1}
	EndGlobalSection
EndGlobal
